
Microsoft Visual Studio Solution File, Format Version 12.00
# Visual Studio Version 17
VisualStudioVersion = 17.13.35919.96 d17.13
MinimumVisualStudioVersion = 10.0.40219.1
Project("{FAE04EC0-301F-11D3-BF4B-00C04F79EFBC}") = "CapaDatos", "CapaDatos\CapaDatos.csproj", "{CE19C2CB-8A76-475F-A238-36FE9E87A3C8}"
EndProject
Project("{FAE04EC0-301F-11D3-BF4B-00C04F79EFBC}") = "CapaNegocio", "CapaNegocio\CapaNegocio.csproj", "{92976FFF-2444-4BEB-86B5-78C5657F5899}"
EndProject
Project("{FAE04EC0-301F-11D3-BF4B-00C04F79EFBC}") = "CapaDePresentacion", "CapaDePresentacion\CapaDePresentacion.csproj", "{F79955A9-4B85-4048-AF3C-7F4E17D503CA}"
EndProject
Global
	GlobalSection(SolutionConfigurationPlatforms) = preSolution
		Debug|Any CPU = Debug|Any CPU
		Release|Any CPU = Release|Any CPU
	EndGlobalSection
	GlobalSection(ProjectConfigurationPlatforms) = postSolution
		{CE19C2CB-8A76-475F-A238-36FE9E87A3C8}.Debug|Any CPU.ActiveCfg = Debug|Any CPU
		{CE19C2CB-8A76-475F-A238-36FE9E87A3C8}.Debug|Any CPU.Build.0 = Debug|Any CPU
		{CE19C2CB-8A76-475F-A238-36FE9E87A3C8}.Release|Any CPU.ActiveCfg = Release|Any CPU
		{CE19C2CB-8A76-475F-A238-36FE9E87A3C8}.Release|Any CPU.Build.0 = Release|Any CPU
		{92976FFF-2444-4BEB-86B5-78C5657F5899}.Debug|Any CPU.ActiveCfg = Debug|Any CPU
		{92976FFF-2444-4BEB-86B5-78C5657F5899}.Debug|Any CPU.Build.0 = Debug|Any CPU
		{92976FFF-2444-4BEB-86B5-78C5657F5899}.Release|Any CPU.ActiveCfg = Release|Any CPU
		{92976FFF-2444-4BEB-86B5-78C5657F5899}.Release|Any CPU.Build.0 = Release|Any CPU
		{F79955A9-4B85-4048-AF3C-7F4E17D503CA}.Debug|Any CPU.ActiveCfg = Debug|Any CPU
		{F79955A9-4B85-4048-AF3C-7F4E17D503CA}.Debug|Any CPU.Build.0 = Debug|Any CPU
		{F79955A9-4B85-4048-AF3C-7F4E17D503CA}.Release|Any CPU.ActiveCfg = Release|Any CPU
		{F79955A9-4B85-4048-AF3C-7F4E17D503CA}.Release|Any CPU.Build.0 = Release|Any CPU
	EndGlobalSection
	GlobalSection(SolutionProperties) = preSolution
		HideSolutionNode = FALSE
	EndGlobalSection
	GlobalSection(ExtensibilityGlobals) = postSolution
		SolutionGuid = {D22A2F8B-5E2F-4FDE-A203-ADEE83DE61E5}
	EndGlobalSection
EndGlobal
